
Microsoft Visual Studio Solution File, Format Version 12.00
# Visual Studio Version 17
VisualStudioVersion = 17.3.32929.385
MinimumVisualStudioVersion = 10.0.40219.1
Project("{FAE04EC0-301F-11D3-BF4B-00C04F79EFBC}") = "AspNetCoreWebApp", "AspNetCoreWebApp.csproj", "{3F5AEA2B-D36D-4627-86F1-F1E398D7088F}"
EndProject
Global
	GlobalSection(SolutionConfigurationPlatforms) = preSolution
		Debug|Any CPU = Debug|Any CPU
		Release|Any CPU = Release|Any CPU
	EndGlobalSection
	GlobalSection(ProjectConfigurationPlatforms) = postSolution
		{3F5AEA2B-D36D-4627-86F1-F1E398D7088F}.Debug|Any CPU.ActiveCfg = Debug|Any CPU
		{3F5AEA2B-D36D-4627-86F1-F1E398D7088F}.Debug|Any CPU.Build.0 = Debug|Any CPU
		{3F5AEA2B-D36D-4627-86F1-F1E398D7088F}.Release|Any CPU.ActiveCfg = Release|Any CPU
		{3F5AEA2B-D36D-4627-86F1-F1E398D7088F}.Release|Any CPU.Build.0 = Release|Any CPU
	EndGlobalSection
	GlobalSection(SolutionProperties) = preSolution
		HideSolutionNode = FALSE
	EndGlobalSection
	GlobalSection(ExtensibilityGlobals) = postSolution
		SolutionGuid = {DDFC879D-F40E-4339-A05C-FD1F53D61F06}
	EndGlobalSection
EndGlobal
